
Microsoft Visual Studio Solution File, Format Version 12.00
# Visual Studio 14
VisualStudioVersion = 14.0.25420.1
MinimumVisualStudioVersion = 10.0.40219.1
Project("{FAE04EC0-301F-11D3-BF4B-00C04F79EFBC}") = "MapR.Android", "MapR\MapR.Android\MapR.Android.csproj", "{9DF54E9B-0FE8-46E5-957D-44D50CB619FF}"
EndProject
Project("{FAE04EC0-301F-11D3-BF4B-00C04F79EFBC}") = "MapR", "MapR\MapR\MapR.csproj", "{BF8F9891-CF81-45C8-BB47-83BA76F34A0B}"
EndProject
Project("{FAE04EC0-301F-11D3-BF4B-00C04F79EFBC}") = "MapR.UWP", "MapR\MapR.UWP\MapR.UWP.csproj", "{505B32BB-A2ED-46EB-873F-B66B87DCD740}"
EndProject
Project("{FAE04EC0-301F-11D3-BF4B-00C04F79EFBC}") = "MapR.iOS", "MapR\MapR.iOS\MapR.iOS.csproj", "{70CD62EC-3049-4D2A-9D1F-F13A6D408287}"
EndProject
Global
	GlobalSection(SolutionConfigurationPlatforms) = preSolution
		Ad-Hoc|Any CPU = Ad-Hoc|Any CPU
		Ad-Hoc|ARM = Ad-Hoc|ARM
		Ad-Hoc|iPhone = Ad-Hoc|iPhone
		Ad-Hoc|iPhoneSimulator = Ad-Hoc|iPhoneSimulator
		Ad-Hoc|x64 = Ad-Hoc|x64
		Ad-Hoc|x86 = Ad-Hoc|x86
		AppStore|Any CPU = AppStore|Any CPU
		AppStore|ARM = AppStore|ARM
		AppStore|iPhone = AppStore|iPhone
		AppStore|iPhoneSimulator = AppStore|iPhoneSimulator
		AppStore|x64 = AppStore|x64
		AppStore|x86 = AppStore|x86
		Debug|Any CPU = Debug|Any CPU
		Debug|ARM = Debug|ARM
		Debug|iPhone = Debug|iPhone
		Debug|iPhoneSimulator = Debug|iPhoneSimulator
		Debug|x64 = Debug|x64
		Debug|x86 = Debug|x86
		Release|Any CPU = Release|Any CPU
		Release|ARM = Release|ARM
		Release|iPhone = Release|iPhone
		Release|iPhoneSimulator = Release|iPhoneSimulator
		Release|x64 = Release|x64
		Release|x86 = Release|x86
	EndGlobalSection
	GlobalSection(ProjectConfigurationPlatforms) = postSolution
		{9DF54E9B-0FE8-46E5-957D-44D50CB619FF}.Ad-Hoc|Any CPU.ActiveCfg = Release|Any CPU
		{9DF54E9B-0FE8-46E5-957D-44D50CB619FF}.Ad-Hoc|Any CPU.Build.0 = Release|Any CPU
		{9DF54E9B-0FE8-46E5-957D-44D50CB619FF}.Ad-Hoc|Any CPU.Deploy.0 = Release|Any CPU
		{9DF54E9B-0FE8-46E5-957D-44D50CB619FF}.Ad-Hoc|ARM.ActiveCfg = Release|Any CPU
		{9DF54E9B-0FE8-46E5-957D-44D50CB619FF}.Ad-Hoc|ARM.Build.0 = Release|Any CPU
		{9DF54E9B-0FE8-46E5-957D-44D50CB619FF}.Ad-Hoc|ARM.Deploy.0 = Release|Any CPU
		{9DF54E9B-0FE8-46E5-957D-44D50CB619FF}.Ad-Hoc|iPhone.ActiveCfg = Release|Any CPU
		{9DF54E9B-0FE8-46E5-957D-44D50CB619FF}.Ad-Hoc|iPhone.Build.0 = Release|Any CPU
		{9DF54E9B-0FE8-46E5-957D-44D50CB619FF}.Ad-Hoc|iPhone.Deploy.0 = Release|Any CPU
		{9DF54E9B-0FE8-46E5-957D-44D50CB619FF}.Ad-Hoc|iPhoneSimulator.ActiveCfg = Release|Any CPU
		{9DF54E9B-0FE8-46E5-957D-44D50CB619FF}.Ad-Hoc|iPhoneSimulator.Build.0 = Release|Any CPU
		{9DF54E9B-0FE8-46E5-957D-44D50CB619FF}.Ad-Hoc|iPhoneSimulator.Deploy.0 = Release|Any CPU
		{9DF54E9B-0FE8-46E5-957D-44D50CB619FF}.Ad-Hoc|x64.ActiveCfg = Release|Any CPU
		{9DF54E9B-0FE8-46E5-957D-44D50CB619FF}.Ad-Hoc|x64.Build.0 = Release|Any CPU
		{9DF54E9B-0FE8-46E5-957D-44D50CB619FF}.Ad-Hoc|x64.Deploy.0 = Release|Any CPU
		{9DF54E9B-0FE8-46E5-957D-44D50CB619FF}.Ad-Hoc|x86.ActiveCfg = Release|Any CPU
		{9DF54E9B-0FE8-46E5-957D-44D50CB619FF}.Ad-Hoc|x86.Build.0 = Release|Any CPU
		{9DF54E9B-0FE8-46E5-957D-44D50CB619FF}.Ad-Hoc|x86.Deploy.0 = Release|Any CPU
		{9DF54E9B-0FE8-46E5-957D-44D50CB619FF}.AppStore|Any CPU.ActiveCfg = Release|Any CPU
		{9DF54E9B-0FE8-46E5-957D-44D50CB619FF}.AppStore|Any CPU.Build.0 = Release|Any CPU
		{9DF54E9B-0FE8-46E5-957D-44D50CB619FF}.AppStore|Any CPU.Deploy.0 = Release|Any CPU
		{9DF54E9B-0FE8-46E5-957D-44D50CB619FF}.AppStore|ARM.ActiveCfg = Release|Any CPU
		{9DF54E9B-0FE8-46E5-957D-44D50CB619FF}.AppStore|ARM.Build.0 = Release|Any CPU
		{9DF54E9B-0FE8-46E5-957D-44D50CB619FF}.AppStore|ARM.Deploy.0 = Release|Any CPU
		{9DF54E9B-0FE8-46E5-957D-44D50CB619FF}.AppStore|iPhone.ActiveCfg = Release|Any CPU
		{9DF54E9B-0FE8-46E5-957D-44D50CB619FF}.AppStore|iPhone.Build.0 = Release|Any CPU
		{9DF54E9B-0FE8-46E5-957D-44D50CB619FF}.AppStore|iPhone.Deploy.0 = Release|Any CPU
		{9DF54E9B-0FE8-46E5-957D-44D50CB619FF}.AppStore|iPhoneSimulator.ActiveCfg = Release|Any CPU
		{9DF54E9B-0FE8-46E5-957D-44D50CB619FF}.AppStore|iPhoneSimulator.Build.0 = Release|Any CPU
		{9DF54E9B-0FE8-46E5-957D-44D50CB619FF}.AppStore|iPhoneSimulator.Deploy.0 = Release|Any CPU
		{9DF54E9B-0FE8-46E5-957D-44D50CB619FF}.AppStore|x64.ActiveCfg = Release|Any CPU
		{9DF54E9B-0FE8-46E5-957D-44D50CB619FF}.AppStore|x64.Build.0 = Release|Any CPU
		{9DF54E9B-0FE8-46E5-957D-44D50CB619FF}.AppStore|x64.Deploy.0 = Release|Any CPU
		{9DF54E9B-0FE8-46E5-957D-44D50CB619FF}.AppStore|x86.ActiveCfg = Release|Any CPU
		{9DF54E9B-0FE8-46E5-957D-44D50CB619FF}.AppStore|x86.Build.0 = Release|Any CPU
		{9DF54E9B-0FE8-46E5-957D-44D50CB619FF}.AppStore|x86.Deploy.0 = Release|Any CPU
		{9DF54E9B-0FE8-46E5-957D-44D50CB619FF}.Debug|Any CPU.ActiveCfg = Debug|Any CPU
		{9DF54E9B-0FE8-46E5-957D-44D50CB619FF}.Debug|Any CPU.Build.0 = Debug|Any CPU
		{9DF54E9B-0FE8-46E5-957D-44D50CB619FF}.Debug|Any CPU.Deploy.0 = Debug|Any CPU
		{9DF54E9B-0FE8-46E5-957D-44D50CB619FF}.Debug|ARM.ActiveCfg = Debug|Any CPU
		{9DF54E9B-0FE8-46E5-957D-44D50CB619FF}.Debug|ARM.Build.0 = Debug|Any CPU
		{9DF54E9B-0FE8-46E5-957D-44D50CB619FF}.Debug|ARM.Deploy.0 = Debug|Any CPU
		{9DF54E9B-0FE8-46E5-957D-44D50CB619FF}.Debug|iPhone.ActiveCfg = Debug|Any CPU
		{9DF54E9B-0FE8-46E5-957D-44D50CB619FF}.Debug|iPhone.Build.0 = Debug|Any CPU
		{9DF54E9B-0FE8-46E5-957D-44D50CB619FF}.Debug|iPhone.Deploy.0 = Debug|Any CPU
		{9DF54E9B-0FE8-46E5-957D-44D50CB619FF}.Debug|iPhoneSimulator.ActiveCfg = Debug|Any CPU
		{9DF54E9B-0FE8-46E5-957D-44D50CB619FF}.Debug|iPhoneSimulator.Build.0 = Debug|Any CPU
		{9DF54E9B-0FE8-46E5-957D-44D50CB619FF}.Debug|iPhoneSimulator.Deploy.0 = Debug|Any CPU
		{9DF54E9B-0FE8-46E5-957D-44D50CB619FF}.Debug|x64.ActiveCfg = Debug|Any CPU
		{9DF54E9B-0FE8-46E5-957D-44D50CB619FF}.Debug|x64.Build.0 = Debug|Any CPU
		{9DF54E9B-0FE8-46E5-957D-44D50CB619FF}.Debug|x64.Deploy.0 = Debug|Any CPU
		{9DF54E9B-0FE8-46E5-957D-44D50CB619FF}.Debug|x86.ActiveCfg = Debug|Any CPU
		{9DF54E9B-0FE8-46E5-957D-44D50CB619FF}.Debug|x86.Build.0 = Debug|Any CPU
		{9DF54E9B-0FE8-46E5-957D-44D50CB619FF}.Debug|x86.Deploy.0 = Debug|Any CPU
		{9DF54E9B-0FE8-46E5-957D-44D50CB619FF}.Release|Any CPU.ActiveCfg = Release|Any CPU
		{9DF54E9B-0FE8-46E5-957D-44D50CB619FF}.Release|Any CPU.Build.0 = Release|Any CPU
		{9DF54E9B-0FE8-46E5-957D-44D50CB619FF}.Release|Any CPU.Deploy.0 = Release|Any CPU
		{9DF54E9B-0FE8-46E5-957D-44D50CB619FF}.Release|ARM.ActiveCfg = Release|Any CPU
		{9DF54E9B-0FE8-46E5-957D-44D50CB619FF}.Release|ARM.Build.0 = Release|Any CPU
		{9DF54E9B-0FE8-46E5-957D-44D50CB619FF}.Release|ARM.Deploy.0 = Release|Any CPU
		{9DF54E9B-0FE8-46E5-957D-44D50CB619FF}.Release|iPhone.ActiveCfg = Release|Any CPU
		{9DF54E9B-0FE8-46E5-957D-44D50CB619FF}.Release|iPhone.Build.0 = Release|Any CPU
		{9DF54E9B-0FE8-46E5-957D-44D50CB619FF}.Release|iPhone.Deploy.0 = Release|Any CPU
		{9DF54E9B-0FE8-46E5-957D-44D50CB619FF}.Release|iPhoneSimulator.ActiveCfg = Release|Any CPU
		{9DF54E9B-0FE8-46E5-957D-44D50CB619FF}.Release|iPhoneSimulator.Build.0 = Release|Any CPU
		{9DF54E9B-0FE8-46E5-957D-44D50CB619FF}.Release|iPhoneSimulator.Deploy.0 = Release|Any CPU
		{9DF54E9B-0FE8-46E5-957D-44D50CB619FF}.Release|x64.ActiveCfg = Release|Any CPU
		{9DF54E9B-0FE8-46E5-957D-44D50CB619FF}.Release|x64.Build.0 = Release|Any CPU
		{9DF54E9B-0FE8-46E5-957D-44D50CB619FF}.Release|x64.Deploy.0 = Release|Any CPU
		{9DF54E9B-0FE8-46E5-957D-44D50CB619FF}.Release|x86.ActiveCfg = Release|Any CPU
		{9DF54E9B-0FE8-46E5-957D-44D50CB619FF}.Release|x86.Build.0 = Release|Any CPU
		{9DF54E9B-0FE8-46E5-957D-44D50CB619FF}.Release|x86.Deploy.0 = Release|Any CPU
		{BF8F9891-CF81-45C8-BB47-83BA76F34A0B}.Ad-Hoc|Any CPU.ActiveCfg = Release|Any CPU
		{BF8F9891-CF81-45C8-BB47-83BA76F34A0B}.Ad-Hoc|Any CPU.Build.0 = Release|Any CPU
		{BF8F9891-CF81-45C8-BB47-83BA76F34A0B}.Ad-Hoc|ARM.ActiveCfg = Release|Any CPU
		{BF8F9891-CF81-45C8-BB47-83BA76F34A0B}.Ad-Hoc|ARM.Build.0 = Release|Any CPU
		{BF8F9891-CF81-45C8-BB47-83BA76F34A0B}.Ad-Hoc|iPhone.ActiveCfg = Release|Any CPU
		{BF8F9891-CF81-45C8-BB47-83BA76F34A0B}.Ad-Hoc|iPhone.Build.0 = Release|Any CPU
		{BF8F9891-CF81-45C8-BB47-83BA76F34A0B}.Ad-Hoc|iPhoneSimulator.ActiveCfg = Release|Any CPU
		{BF8F9891-CF81-45C8-BB47-83BA76F34A0B}.Ad-Hoc|iPhoneSimulator.Build.0 = Release|Any CPU
		{BF8F9891-CF81-45C8-BB47-83BA76F34A0B}.Ad-Hoc|x64.ActiveCfg = Release|Any CPU
		{BF8F9891-CF81-45C8-BB47-83BA76F34A0B}.Ad-Hoc|x64.Build.0 = Release|Any CPU
		{BF8F9891-CF81-45C8-BB47-83BA76F34A0B}.Ad-Hoc|x86.ActiveCfg = Release|Any CPU
		{BF8F9891-CF81-45C8-BB47-83BA76F34A0B}.Ad-Hoc|x86.Build.0 = Release|Any CPU
		{BF8F9891-CF81-45C8-BB47-83BA76F34A0B}.AppStore|Any CPU.ActiveCfg = Release|Any CPU
		{BF8F9891-CF81-45C8-BB47-83BA76F34A0B}.AppStore|Any CPU.Build.0 = Release|Any CPU
		{BF8F9891-CF81-45C8-BB47-83BA76F34A0B}.AppStore|ARM.ActiveCfg = Release|Any CPU
		{BF8F9891-CF81-45C8-BB47-83BA76F34A0B}.AppStore|ARM.Build.0 = Release|Any CPU
		{BF8F9891-CF81-45C8-BB47-83BA76F34A0B}.AppStore|iPhone.ActiveCfg = Release|Any CPU
		{BF8F9891-CF81-45C8-BB47-83BA76F34A0B}.AppStore|iPhone.Build.0 = Release|Any CPU
		{BF8F9891-CF81-45C8-BB47-83BA76F34A0B}.AppStore|iPhoneSimulator.ActiveCfg = Release|Any CPU
		{BF8F9891-CF81-45C8-BB47-83BA76F34A0B}.AppStore|iPhoneSimulator.Build.0 = Release|Any CPU
		{BF8F9891-CF81-45C8-BB47-83BA76F34A0B}.AppStore|x64.ActiveCfg = Release|Any CPU
		{BF8F9891-CF81-45C8-BB47-83BA76F34A0B}.AppStore|x64.Build.0 = Release|Any CPU
		{BF8F9891-CF81-45C8-BB47-83BA76F34A0B}.AppStore|x86.ActiveCfg = Release|Any CPU
		{BF8F9891-CF81-45C8-BB47-83BA76F34A0B}.AppStore|x86.Build.0 = Release|Any CPU
		{BF8F9891-CF81-45C8-BB47-83BA76F34A0B}.Debug|Any CPU.ActiveCfg = Debug|Any CPU
		{BF8F9891-CF81-45C8-BB47-83BA76F34A0B}.Debug|Any CPU.Build.0 = Debug|Any CPU
		{BF8F9891-CF81-45C8-BB47-83BA76F34A0B}.Debug|ARM.ActiveCfg = Debug|Any CPU
		{BF8F9891-CF81-45C8-BB47-83BA76F34A0B}.Debug|ARM.Build.0 = Debug|Any CPU
		{BF8F9891-CF81-45C8-BB47-83BA76F34A0B}.Debug|iPhone.ActiveCfg = Debug|Any CPU
		{BF8F9891-CF81-45C8-BB47-83BA76F34A0B}.Debug|iPhone.Build.0 = Debug|Any CPU
		{BF8F9891-CF81-45C8-BB47-83BA76F34A0B}.Debug|iPhoneSimulator.ActiveCfg = Debug|Any CPU
		{BF8F9891-CF81-45C8-BB47-83BA76F34A0B}.Debug|iPhoneSimulator.Build.0 = Debug|Any CPU
		{BF8F9891-CF81-45C8-BB47-83BA76F34A0B}.Debug|x64.ActiveCfg = Debug|Any CPU
		{BF8F9891-CF81-45C8-BB47-83BA76F34A0B}.Debug|x64.Build.0 = Debug|Any CPU
		{BF8F9891-CF81-45C8-BB47-83BA76F34A0B}.Debug|x86.ActiveCfg = Debug|Any CPU
		{BF8F9891-CF81-45C8-BB47-83BA76F34A0B}.Debug|x86.Build.0 = Debug|Any CPU
		{BF8F9891-CF81-45C8-BB47-83BA76F34A0B}.Release|Any CPU.ActiveCfg = Release|Any CPU
		{BF8F9891-CF81-45C8-BB47-83BA76F34A0B}.Release|Any CPU.Build.0 = Release|Any CPU
		{BF8F9891-CF81-45C8-BB47-83BA76F34A0B}.Release|ARM.ActiveCfg = Release|Any CPU
		{BF8F9891-CF81-45C8-BB47-83BA76F34A0B}.Release|ARM.Build.0 = Release|Any CPU
		{BF8F9891-CF81-45C8-BB47-83BA76F34A0B}.Release|iPhone.ActiveCfg = Release|Any CPU
		{BF8F9891-CF81-45C8-BB47-83BA76F34A0B}.Release|iPhone.Build.0 = Release|Any CPU
		{BF8F9891-CF81-45C8-BB47-83BA76F34A0B}.Release|iPhoneSimulator.ActiveCfg = Release|Any CPU
		{BF8F9891-CF81-45C8-BB47-83BA76F34A0B}.Release|iPhoneSimulator.Build.0 = Release|Any CPU
		{BF8F9891-CF81-45C8-BB47-83BA76F34A0B}.Release|x64.ActiveCfg = Release|Any CPU
		{BF8F9891-CF81-45C8-BB47-83BA76F34A0B}.Release|x64.Build.0 = Release|Any CPU
		{BF8F9891-CF81-45C8-BB47-83BA76F34A0B}.Release|x86.ActiveCfg = Release|Any CPU
		{BF8F9891-CF81-45C8-BB47-83BA76F34A0B}.Release|x86.Build.0 = Release|Any CPU
		{505B32BB-A2ED-46EB-873F-B66B87DCD740}.Ad-Hoc|Any CPU.ActiveCfg = Release|x86
		{505B32BB-A2ED-46EB-873F-B66B87DCD740}.Ad-Hoc|Any CPU.Build.0 = Release|x86
		{505B32BB-A2ED-46EB-873F-B66B87DCD740}.Ad-Hoc|Any CPU.Deploy.0 = Release|x86
		{505B32BB-A2ED-46EB-873F-B66B87DCD740}.Ad-Hoc|ARM.ActiveCfg = Release|ARM
		{505B32BB-A2ED-46EB-873F-B66B87DCD740}.Ad-Hoc|ARM.Build.0 = Release|ARM
		{505B32BB-A2ED-46EB-873F-B66B87DCD740}.Ad-Hoc|ARM.Deploy.0 = Release|ARM
		{505B32BB-A2ED-46EB-873F-B66B87DCD740}.Ad-Hoc|iPhone.ActiveCfg = Release|x86
		{505B32BB-A2ED-46EB-873F-B66B87DCD740}.Ad-Hoc|iPhone.Build.0 = Release|x86
		{505B32BB-A2ED-46EB-873F-B66B87DCD740}.Ad-Hoc|iPhone.Deploy.0 = Release|x86
		{505B32BB-A2ED-46EB-873F-B66B87DCD740}.Ad-Hoc|iPhoneSimulator.ActiveCfg = Release|x86
		{505B32BB-A2ED-46EB-873F-B66B87DCD740}.Ad-Hoc|iPhoneSimulator.Build.0 = Release|x86
		{505B32BB-A2ED-46EB-873F-B66B87DCD740}.Ad-Hoc|iPhoneSimulator.Deploy.0 = Release|x86
		{505B32BB-A2ED-46EB-873F-B66B87DCD740}.Ad-Hoc|x64.ActiveCfg = Release|x64
		{505B32BB-A2ED-46EB-873F-B66B87DCD740}.Ad-Hoc|x64.Build.0 = Release|x64
		{505B32BB-A2ED-46EB-873F-B66B87DCD740}.Ad-Hoc|x64.Deploy.0 = Release|x64
		{505B32BB-A2ED-46EB-873F-B66B87DCD740}.Ad-Hoc|x86.ActiveCfg = Release|x86
		{505B32BB-A2ED-46EB-873F-B66B87DCD740}.Ad-Hoc|x86.Build.0 = Release|x86
		{505B32BB-A2ED-46EB-873F-B66B87DCD740}.Ad-Hoc|x86.Deploy.0 = Release|x86
		{505B32BB-A2ED-46EB-873F-B66B87DCD740}.AppStore|Any CPU.ActiveCfg = Release|x86
		{505B32BB-A2ED-46EB-873F-B66B87DCD740}.AppStore|Any CPU.Build.0 = Release|x86
		{505B32BB-A2ED-46EB-873F-B66B87DCD740}.AppStore|Any CPU.Deploy.0 = Release|x86
		{505B32BB-A2ED-46EB-873F-B66B87DCD740}.AppStore|ARM.ActiveCfg = Release|ARM
		{505B32BB-A2ED-46EB-873F-B66B87DCD740}.AppStore|ARM.Build.0 = Release|ARM
		{505B32BB-A2ED-46EB-873F-B66B87DCD740}.AppStore|ARM.Deploy.0 = Release|ARM
		{505B32BB-A2ED-46EB-873F-B66B87DCD740}.AppStore|iPhone.ActiveCfg = Release|x86
		{505B32BB-A2ED-46EB-873F-B66B87DCD740}.AppStore|iPhone.Build.0 = Release|x86
		{505B32BB-A2ED-46EB-873F-B66B87DCD740}.AppStore|iPhone.Deploy.0 = Release|x86
		{505B32BB-A2ED-46EB-873F-B66B87DCD740}.AppStore|iPhoneSimulator.ActiveCfg = Release|x86
		{505B32BB-A2ED-46EB-873F-B66B87DCD740}.AppStore|iPhoneSimulator.Build.0 = Release|x86
		{505B32BB-A2ED-46EB-873F-B66B87DCD740}.AppStore|iPhoneSimulator.Deploy.0 = Release|x86
		{505B32BB-A2ED-46EB-873F-B66B87DCD740}.AppStore|x64.ActiveCfg = Release|x64
		{505B32BB-A2ED-46EB-873F-B66B87DCD740}.AppStore|x64.Build.0 = Release|x64
		{505B32BB-A2ED-46EB-873F-B66B87DCD740}.AppStore|x64.Deploy.0 = Release|x64
		{505B32BB-A2ED-46EB-873F-B66B87DCD740}.AppStore|x86.ActiveCfg = Release|x86
		{505B32BB-A2ED-46EB-873F-B66B87DCD740}.AppStore|x86.Build.0 = Release|x86
		{505B32BB-A2ED-46EB-873F-B66B87DCD740}.AppStore|x86.Deploy.0 = Release|x86
		{505B32BB-A2ED-46EB-873F-B66B87DCD740}.Debug|Any CPU.ActiveCfg = Debug|x86
		{505B32BB-A2ED-46EB-873F-B66B87DCD740}.Debug|ARM.ActiveCfg = Debug|ARM
		{505B32BB-A2ED-46EB-873F-B66B87DCD740}.Debug|ARM.Build.0 = Debug|ARM
		{505B32BB-A2ED-46EB-873F-B66B87DCD740}.Debug|ARM.Deploy.0 = Debug|ARM
		{505B32BB-A2ED-46EB-873F-B66B87DCD740}.Debug|iPhone.ActiveCfg = Debug|x86
		{505B32BB-A2ED-46EB-873F-B66B87DCD740}.Debug|iPhoneSimulator.ActiveCfg = Debug|x86
		{505B32BB-A2ED-46EB-873F-B66B87DCD740}.Debug|x64.ActiveCfg = Debug|x64
		{505B32BB-A2ED-46EB-873F-B66B87DCD740}.Debug|x64.Build.0 = Debug|x64
		{505B32BB-A2ED-46EB-873F-B66B87DCD740}.Debug|x64.Deploy.0 = Debug|x64
		{505B32BB-A2ED-46EB-873F-B66B87DCD740}.Debug|x86.ActiveCfg = Debug|x86
		{505B32BB-A2ED-46EB-873F-B66B87DCD740}.Debug|x86.Build.0 = Debug|x86
		{505B32BB-A2ED-46EB-873F-B66B87DCD740}.Debug|x86.Deploy.0 = Debug|x86
		{505B32BB-A2ED-46EB-873F-B66B87DCD740}.Release|Any CPU.ActiveCfg = Release|x86
		{505B32BB-A2ED-46EB-873F-B66B87DCD740}.Release|ARM.ActiveCfg = Release|ARM
		{505B32BB-A2ED-46EB-873F-B66B87DCD740}.Release|ARM.Build.0 = Release|ARM
		{505B32BB-A2ED-46EB-873F-B66B87DCD740}.Release|ARM.Deploy.0 = Release|ARM
		{505B32BB-A2ED-46EB-873F-B66B87DCD740}.Release|iPhone.ActiveCfg = Release|x86
		{505B32BB-A2ED-46EB-873F-B66B87DCD740}.Release|iPhoneSimulator.ActiveCfg = Release|x86
		{505B32BB-A2ED-46EB-873F-B66B87DCD740}.Release|x64.ActiveCfg = Release|x64
		{505B32BB-A2ED-46EB-873F-B66B87DCD740}.Release|x64.Build.0 = Release|x64
		{505B32BB-A2ED-46EB-873F-B66B87DCD740}.Release|x64.Deploy.0 = Release|x64
		{505B32BB-A2ED-46EB-873F-B66B87DCD740}.Release|x86.ActiveCfg = Release|x86
		{505B32BB-A2ED-46EB-873F-B66B87DCD740}.Release|x86.Build.0 = Release|x86
		{505B32BB-A2ED-46EB-873F-B66B87DCD740}.Release|x86.Deploy.0 = Release|x86
		{70CD62EC-3049-4D2A-9D1F-F13A6D408287}.Ad-Hoc|Any CPU.ActiveCfg = Ad-Hoc|iPhoneSimulator
		{70CD62EC-3049-4D2A-9D1F-F13A6D408287}.Ad-Hoc|ARM.ActiveCfg = Ad-Hoc|iPhone
		{70CD62EC-3049-4D2A-9D1F-F13A6D408287}.Ad-Hoc|iPhone.ActiveCfg = Ad-Hoc|iPhone
		{70CD62EC-3049-4D2A-9D1F-F13A6D408287}.Ad-Hoc|iPhone.Build.0 = Ad-Hoc|iPhone
		{70CD62EC-3049-4D2A-9D1F-F13A6D408287}.Ad-Hoc|iPhoneSimulator.ActiveCfg = Ad-Hoc|iPhoneSimulator
		{70CD62EC-3049-4D2A-9D1F-F13A6D408287}.Ad-Hoc|iPhoneSimulator.Build.0 = Ad-Hoc|iPhoneSimulator
		{70CD62EC-3049-4D2A-9D1F-F13A6D408287}.Ad-Hoc|x64.ActiveCfg = Ad-Hoc|iPhone
		{70CD62EC-3049-4D2A-9D1F-F13A6D408287}.Ad-Hoc|x86.ActiveCfg = Ad-Hoc|iPhone
		{70CD62EC-3049-4D2A-9D1F-F13A6D408287}.AppStore|Any CPU.ActiveCfg = AppStore|iPhoneSimulator
		{70CD62EC-3049-4D2A-9D1F-F13A6D408287}.AppStore|ARM.ActiveCfg = AppStore|iPhone
		{70CD62EC-3049-4D2A-9D1F-F13A6D408287}.AppStore|iPhone.ActiveCfg = AppStore|iPhone
		{70CD62EC-3049-4D2A-9D1F-F13A6D408287}.AppStore|iPhone.Build.0 = AppStore|iPhone
		{70CD62EC-3049-4D2A-9D1F-F13A6D408287}.AppStore|iPhoneSimulator.ActiveCfg = AppStore|iPhoneSimulator
		{70CD62EC-3049-4D2A-9D1F-F13A6D408287}.AppStore|iPhoneSimulator.Build.0 = AppStore|iPhoneSimulator
		{70CD62EC-3049-4D2A-9D1F-F13A6D408287}.AppStore|x64.ActiveCfg = AppStore|iPhone
		{70CD62EC-3049-4D2A-9D1F-F13A6D408287}.AppStore|x86.ActiveCfg = AppStore|iPhone
		{70CD62EC-3049-4D2A-9D1F-F13A6D408287}.Debug|Any CPU.ActiveCfg = Debug|iPhoneSimulator
		{70CD62EC-3049-4D2A-9D1F-F13A6D408287}.Debug|ARM.ActiveCfg = Debug|iPhone
		{70CD62EC-3049-4D2A-9D1F-F13A6D408287}.Debug|iPhone.ActiveCfg = Debug|iPhone
		{70CD62EC-3049-4D2A-9D1F-F13A6D408287}.Debug|iPhone.Build.0 = Debug|iPhone
		{70CD62EC-3049-4D2A-9D1F-F13A6D408287}.Debug|iPhoneSimulator.ActiveCfg = Debug|iPhoneSimulator
		{70CD62EC-3049-4D2A-9D1F-F13A6D408287}.Debug|iPhoneSimulator.Build.0 = Debug|iPhoneSimulator
		{70CD62EC-3049-4D2A-9D1F-F13A6D408287}.Debug|x64.ActiveCfg = Debug|iPhone
		{70CD62EC-3049-4D2A-9D1F-F13A6D408287}.Debug|x86.ActiveCfg = Debug|iPhone
		{70CD62EC-3049-4D2A-9D1F-F13A6D408287}.Release|Any CPU.ActiveCfg = Release|iPhoneSimulator
		{70CD62EC-3049-4D2A-9D1F-F13A6D408287}.Release|ARM.ActiveCfg = Release|iPhone
		{70CD62EC-3049-4D2A-9D1F-F13A6D408287}.Release|iPhone.ActiveCfg = Release|iPhone
		{70CD62EC-3049-4D2A-9D1F-F13A6D408287}.Release|iPhone.Build.0 = Release|iPhone
		{70CD62EC-3049-4D2A-9D1F-F13A6D408287}.Release|iPhoneSimulator.ActiveCfg = Release|iPhoneSimulator
		{70CD62EC-3049-4D2A-9D1F-F13A6D408287}.Release|iPhoneSimulator.Build.0 = Release|iPhoneSimulator
		{70CD62EC-3049-4D2A-9D1F-F13A6D408287}.Release|x64.ActiveCfg = Release|iPhone
		{70CD62EC-3049-4D2A-9D1F-F13A6D408287}.Release|x86.ActiveCfg = Release|iPhone
	EndGlobalSection
	GlobalSection(SolutionProperties) = preSolution
		HideSolutionNode = FALSE
	EndGlobalSection
EndGlobal
